
Microsoft Visual Studio Solution File, Format Version 12.00
# Visual Studio Version 17
VisualStudioVersion = 17.0.31903.59
MinimumVisualStudioVersion = 10.0.40219.1
Project("{FAE04EC0-301F-11D3-BF4B-00C04F79EFBC}") = "CaseBridge.Domain", "CaseBridge.Domain\CaseBridge.Domain.csproj", "{312D8212-6458-455B-ADF7-5EB9CA194DFC}"
EndProject
Project("{FAE04EC0-301F-11D3-BF4B-00C04F79EFBC}") = "CaseBridge.API", "CaseBridge.API\CaseBridge.API.csproj", "{68A06478-664F-44BD-B1DC-C8003CC54FE7}"
EndProject
Global
	GlobalSection(SolutionConfigurationPlatforms) = preSolution
		Debug|Any CPU = Debug|Any CPU
		Release|Any CPU = Release|Any CPU
	EndGlobalSection
	GlobalSection(ProjectConfigurationPlatforms) = postSolution
		{312D8212-6458-455B-ADF7-5EB9CA194DFC}.Debug|Any CPU.ActiveCfg = Debug|Any CPU
		{312D8212-6458-455B-ADF7-5EB9CA194DFC}.Debug|Any CPU.Build.0 = Debug|Any CPU
		{312D8212-6458-455B-ADF7-5EB9CA194DFC}.Release|Any CPU.ActiveCfg = Release|Any CPU
		{312D8212-6458-455B-ADF7-5EB9CA194DFC}.Release|Any CPU.Build.0 = Release|Any CPU
		{68A06478-664F-44BD-B1DC-C8003CC54FE7}.Debug|Any CPU.ActiveCfg = Debug|Any CPU
		{68A06478-664F-44BD-B1DC-C8003CC54FE7}.Debug|Any CPU.Build.0 = Debug|Any CPU
		{68A06478-664F-44BD-B1DC-C8003CC54FE7}.Release|Any CPU.ActiveCfg = Release|Any CPU
		{68A06478-664F-44BD-B1DC-C8003CC54FE7}.Release|Any CPU.Build.0 = Release|Any CPU
	EndGlobalSection
	GlobalSection(SolutionProperties) = preSolution
		HideSolutionNode = FALSE
	EndGlobalSection
EndGlobal
